// !$*UTF8*$!
{
	archiveVersion = 1;
	classes = {
	};
	objectVersion = 50;
	objects = {

/* Begin PBXBuildFile section */
		6CE328F02293F2D300F30132 /* main.swift in Sources */ = {isa = PBXBuildFile; fileRef = 6CE328EF2293F2D300F30132 /* main.swift */; };
		82B2A5D3A1D599C0E1B1F4A7 /* Pods_WLTranslateKitPodspecEdit.framework in Frameworks */ = {isa = PBXBuildFile; fileRef = AC247BDE9F56A5FDAB505E37 /* Pods_WLTranslateKitPodspecEdit.framework */; };
/* End PBXBuildFile section */

/* Begin PBXCopyFilesBuildPhase section */
		6CE328EA2293F2D300F30132 /* CopyFiles */ = {
			isa = PBXCopyFilesBuildPhase;
			buildActionMask = 2147483647;
			dstPath = /usr/share/man/man1/;
			dstSubfolderSpec = 0;
			files = (
			);
			runOnlyForDeploymentPostprocessing = 1;
		};
/* End PBXCopyFilesBuildPhase section */

/* Begin PBXFileReference section */
		60C76DFA11073F40D2E8A6F3 /* Pods-WLTranslateKitPodspecEdit.debug.xcconfig */ = {isa = PBXFileReference; includeInIndex = 1; lastKnownFileType = text.xcconfig; name = "Pods-WLTranslateKitPodspecEdit.debug.xcconfig"; path = "Target Support Files/Pods-WLTranslateKitPodspecEdit/Pods-WLTranslateKitPodspecEdit.debug.xcconfig"; sourceTree = "<group>"; };
		6CE328EC2293F2D300F30132 /* WLTranslateKitPodspecEdit */ = {isa = PBXFileReference; explicitFileType = "compiled.mach-o.executable"; includeInIndex = 0; path = WLTranslateKitPodspecEdit; sourceTree = BUILT_PRODUCTS_DIR; };
		6CE328EF2293F2D300F30132 /* main.swift */ = {isa = PBXFileReference; lastKnownFileType = sourcecode.swift; path = main.swift; sourceTree = "<group>"; };
		AC247BDE9F56A5FDAB505E37 /* Pods_WLTranslateKitPodspecEdit.framework */ = {isa = PBXFileReference; explicitFileType = wrapper.framework; includeInIndex = 0; path = Pods_WLTranslateKitPodspecEdit.framework; sourceTree = BUILT_PRODUCTS_DIR; };
		CC5FF92E64FF50A1384D3E9F /* Pods-WLTranslateKitPodspecEdit.release.xcconfig */ = {isa = PBXFileReference; includeInIndex = 1; lastKnownFileType = text.xcconfig; name = "Pods-WLTranslateKitPodspecEdit.release.xcconfig"; path = "Target Support Files/Pods-WLTranslateKitPodspecEdit/Pods-WLTranslateKitPodspecEdit.release.xcconfig"; sourceTree = "<group>"; };
/* End PBXFileReference section */

/* Begin PBXFrameworksBuildPhase section */
		6CE328E92293F2D300F30132 /* Frameworks */ = {
			isa = PBXFrameworksBuildPhase;
			buildActionMask = 2147483647;
			files = (
				82B2A5D3A1D599C0E1B1F4A7 /* Pods_WLTranslateKitPodspecEdit.framework in Frameworks */,
			);
			runOnlyForDeploymentPostprocessing = 0;
		};
/* End PBXFrameworksBuildPhase section */

/* Begin PBXGroup section */
		0DC7C4AFBA7381BBC41A1D3D /* Frameworks */ = {
			isa = PBXGroup;
			children = (
				AC247BDE9F56A5FDAB505E37 /* Pods_WLTranslateKitPodspecEdit.framework */,
			);
			name = Frameworks;
			sourceTree = "<group>";
		};
		2F07CC3572B597947999B232 /* Pods */ = {
			isa = PBXGroup;
			children = (
				60C76DFA11073F40D2E8A6F3 /* Pods-WLTranslateKitPodspecEdit.debug.xcconfig */,
				CC5FF92E64FF50A1384D3E9F /* Pods-WLTranslateKitPodspecEdit.release.xcconfig */,
			);
			name = Pods;
			path = Pods;
			sourceTree = "<group>";
		};
		6CE328E32293F2D300F30132 = {
			isa = PBXGroup;
			children = (
				6CE328EE2293F2D300F30132 /* WLTranslateKitPodspecEdit */,
				6CE328ED2293F2D300F30132 /* Products */,
				2F07CC3572B597947999B232 /* Pods */,
				0DC7C4AFBA7381BBC41A1D3D /* Frameworks */,
			);
			sourceTree = "<group>";
		};
		6CE328ED2293F2D300F30132 /* Products */ = {
			isa = PBXGroup;
			children = (
				6CE328EC2293F2D300F30132 /* WLTranslateKitPodspecEdit */,
			);
			name = Products;
			sourceTree = "<group>";
		};
		6CE328EE2293F2D300F30132 /* WLTranslateKitPodspecEdit */ = {
			isa = PBXGroup;
			children = (
				6CE328EF2293F2D300F30132 /* main.swift */,
			);
			path = WLTranslateKitPodspecEdit;
			sourceTree = "<group>";
		};
/* End PBXGroup section */

/* Begin PBXNativeTarget section */
		6CE328EB2293F2D300F30132 /* WLTranslateKitPodspecEdit */ = {
			isa = PBXNativeTarget;
			buildConfigurationList = 6CE328F32293F2D300F30132 /* Build configuration list for PBXNativeTarget "WLTranslateKitPodspecEdit" */;
			buildPhases = (
				905A39E39D2F218877951FD2 /* [CP] Check Pods Manifest.lock */,
				6CE328E82293F2D300F30132 /* Sources */,
				6CE328E92293F2D300F30132 /* Frameworks */,
				6CE328EA2293F2D300F30132 /* CopyFiles */,
			);
			buildRules = (
			);
			dependencies = (
			);
			name = WLTranslateKitPodspecEdit;
			productName = WLTranslateKitPodspecEdit;
			productReference = 6CE328EC2293F2D300F30132 /* WLTranslateKitPodspecEdit */;
			productType = "com.apple.product-type.tool";
		};
/* End PBXNativeTarget section */

/* Begin PBXProject section */
		6CE328E42293F2D300F30132 /* Project object */ = {
			isa = PBXProject;
			attributes = {
				LastSwiftUpdateCheck = 1020;
				LastUpgradeCheck = 1020;
				ORGANIZATIONNAME = "three stone 王";
				TargetAttributes = {
					6CE328EB2293F2D300F30132 = {
						CreatedOnToolsVersion = 10.2.1;
					};
				};
			};
			buildConfigurationList = 6CE328E72293F2D300F30132 /* Build configuration list for PBXProject "WLTranslateKitPodspecEdit" */;
			compatibilityVersion = "Xcode 9.3";
			developmentRegion = en;
			hasScannedForEncodings = 0;
			knownRegions = (
				en,
			);
			mainGroup = 6CE328E32293F2D300F30132;
			productRefGroup = 6CE328ED2293F2D300F30132 /* Products */;
			projectDirPath = "";
			projectRoot = "";
			targets = (
				6CE328EB2293F2D300F30132 /* WLTranslateKitPodspecEdit */,
			);
		};
/* End PBXProject section */

/* Begin PBXShellScriptBuildPhase section */
		905A39E39D2F218877951FD2 /* [CP] Check Pods Manifest.lock */ = {
			isa = PBXShellScriptBuildPhase;
			buildActionMask = 2147483647;
			files = (
			);
			inputFileListPaths = (
			);
			inputPaths = (
				"${PODS_PODFILE_DIR_PATH}/Podfile.lock",
				"${PODS_ROOT}/Manifest.lock",
			);
			name = "[CP] Check Pods Manifest.lock";
			outputFileListPaths = (
			);
			outputPaths = (
				"$(DERIVED_FILE_DIR)/Pods-WLTranslateKitPodspecEdit-checkManifestLockResult.txt",
			);
			runOnlyForDeploymentPostprocessing = 0;
			shellPath = /bin/sh;
			shellScript = "diff \"${PODS_PODFILE_DIR_PATH}/Podfile.lock\" \"${PODS_ROOT}/Manifest.lock\" > /dev/null\nif [ $? != 0 ] ; then\n    # print error to STDERR\n    echo \"error: The sandbox is not in sync with the Podfile.lock. Run 'pod install' or update your CocoaPods installation.\" >&2\n    exit 1\nfi\n# This output is used by Xcode 'outputs' to avoid re-running this script phase.\necho \"SUCCESS\" > \"${SCRIPT_OUTPUT_FILE_0}\"\n";
			showEnvVarsInLog = 0;
		};
/* End PBXShellScriptBuildPhase section */

/* Begin PBXSourcesBuildPhase section */
		6CE328E82293F2D300F30132 /* Sources */ = {
			isa = PBXSourcesBuildPhase;
			buildActionMask = 2147483647;
			files = (
				6CE328F02293F2D300F30132 /* main.swift in Sources */,
			);
			runOnlyForDeploymentPostprocessing = 0;
		};
/* End PBXSourcesBuildPhase section */

/* Begin XCBuildConfiguration section */
		6CE328F12293F2D300F30132 /* Debug */ = {
			isa = XCBuildConfiguration;
			buildSettings = {
				ALWAYS_SEARCH_USER_PATHS = NO;
				CLANG_ANALYZER_NONNULL = YES;
				CLANG_ANALYZER_NUMBER_OBJECT_CONVERSION = YES_AGGRESSIVE;
				CLANG_CXX_LANGUAGE_STANDARD = "gnu++14";
				CLANG_CXX_LIBRARY = "libc++";
				CLANG_ENABLE_MODULES = YES;
				CLANG_ENABLE_OBJC_ARC = YES;
				CLANG_ENABLE_OBJC_WEAK = YES;
				CLANG_WARN_BLOCK_CAPTURE_AUTORELEASING = YES;
				CLANG_WARN_BOOL_CONVERSION = YES;
				CLANG_WARN_COMMA = YES;
				CLANG_WARN_CONSTANT_CONVERSION = YES;
				CLANG_WARN_DEPRECATED_OBJC_IMPLEMENTATIONS = YES;
				CLANG_WARN_DIRECT_OBJC_ISA_USAGE = YES_ERROR;
				CLANG_WARN_DOCUMENTATION_COMMENTS = YES;
				CLANG_WARN_EMPTY_BODY = YES;
				CLANG_WARN_ENUM_CONVERSION = YES;
				CLANG_WARN_INFINITE_RECURSION = YES;
				CLANG_WARN_INT_CONVERSION = YES;
				CLANG_WARN_NON_LITERAL_NULL_CONVERSION = YES;
				CLANG_WARN_OBJC_IMPLICIT_RETAIN_SELF = YES;
				CLANG_WARN_OBJC_LITERAL_CONVERSION = YES;
				CLANG_WARN_OBJC_ROOT_CLASS = YES_ERROR;
				CLANG_WARN_RANGE_LOOP_ANALYSIS = YES;
				CLANG_WARN_STRICT_PROTOTYPES = YES;
				CLANG_WARN_SUSPICIOUS_MOVE = YES;
				CLANG_WARN_UNGUARDED_AVAILABILITY = YES_AGGRESSIVE;
				CLANG_WARN_UNREACHABLE_CODE = YES;
				CLANG_WARN__DUPLICATE_METHOD_MATCH = YES;
				CODE_SIGN_IDENTITY = "-";
				COPY_PHASE_STRIP = NO;
				DEBUG_INFORMATION_FORMAT = dwarf;
				ENABLE_STRICT_OBJC_MSGSEND = YES;
				ENABLE_TESTABILITY = YES;
				GCC_C_LANGUAGE_STANDARD = gnu11;
				GCC_DYNAMIC_NO_PIC = NO;
				GCC_NO_COMMON_BLOCKS = YES;
				GCC_OPTIMIZATION_LEVEL = 0;
				GCC_PREPROCESSOR_DEFINITIONS = (
					"DEBUG=1",
					"$(inherited)",
				);
				GCC_WARN_64_TO_32_BIT_CONVERSION = YES;
				GCC_WARN_ABOUT_RETURN_TYPE = YES_ERROR;
				GCC_WARN_UNDECLARED_SELECTOR = YES;
				GCC_WARN_UNINITIALIZED_AUTOS = YES_AGGRESSIVE;
				GCC_WARN_UNUSED_FUNCTION = YES;
				GCC_WARN_UNUSED_VARIABLE = YES;
				MACOSX_DEPLOYMENT_TARGET = 10.14;
				MTL_ENABLE_DEBUG_INFO = INCLUDE_SOURCE;
				MTL_FAST_MATH = YES;
				ONLY_ACTIVE_ARCH = YES;
				SDKROOT = macosx;
				SWIFT_ACTIVE_COMPILATION_CONDITIONS = DEBUG;
				SWIFT_OPTIMIZATION_LEVEL = "-Onone";
			};
			name = Debug;
		};
		6CE328F22293F2D300F30132 /* Release */ = {
			isa = XCBuildConfiguration;
			buildSettings = {
				ALWAYS_SEARCH_USER_PATHS = NO;
				CLANG_ANALYZER_NONNULL = YES;
				CLANG_ANALYZER_NUMBER_OBJECT_CONVERSION = YES_AGGRESSIVE;
				CLANG_CXX_LANGUAGE_STANDARD = "gnu++14";
				CLANG_CXX_LIBRARY = "libc++";
				CLANG_ENABLE_MODULES = YES;
				CLANG_ENABLE_OBJC_ARC = YES;
				CLANG_ENABLE_OBJC_WEAK = YES;
				CLANG_WARN_BLOCK_CAPTURE_AUTORELEASING = YES;
				CLANG_WARN_BOOL_CONVERSION = YES;
				CLANG_WARN_COMMA = YES;
				CLANG_WARN_CONSTANT_CONVERSION = YES;
				CLANG_WARN_DEPRECATED_OBJC_IMPLEMENTATIONS = YES;
				CLANG_WARN_DIRECT_OBJC_ISA_USAGE = YES_ERROR;
				CLANG_WARN_DOCUMENTATION_COMMENTS = YES;
				CLANG_WARN_EMPTY_BODY = YES;
				CLANG_WARN_ENUM_CONVERSION = YES;
				CLANG_WARN_INFINITE_RECURSION = YES;
				CLANG_WARN_INT_CONVERSION = YES;
				CLANG_WARN_NON_LITERAL_NULL_CONVERSION = YES;
				CLANG_WARN_OBJC_IMPLICIT_RETAIN_SELF = YES;
				CLANG_WARN_OBJC_LITERAL_CONVERSION = YES;
				CLANG_WARN_OBJC_ROOT_CLASS = YES_ERROR;
				CLANG_WARN_RANGE_LOOP_ANALYSIS = YES;
				CLANG_WARN_STRICT_PROTOTYPES = YES;
				CLANG_WARN_SUSPICIOUS_MOVE = YES;
				CLANG_WARN_UNGUARDED_AVAILABILITY = YES_AGGRESSIVE;
				CLANG_WARN_UNREACHABLE_CODE = YES;
				CLANG_WARN__DUPLICATE_METHOD_MATCH = YES;
				CODE_SIGN_IDENTITY = "-";
				COPY_PHASE_STRIP = NO;
				DEBUG_INFORMATION_FORMAT = "dwarf-with-dsym";
				ENABLE_NS_ASSERTIONS = NO;
				ENABLE_STRICT_OBJC_MSGSEND = YES;
				GCC_C_LANGUAGE_STANDARD = gnu11;
				GCC_NO_COMMON_BLOCKS = YES;
				GCC_WARN_64_TO_32_BIT_CONVERSION = YES;
				GCC_WARN_ABOUT_RETURN_TYPE = YES_ERROR;
				GCC_WARN_UNDECLARED_SELECTOR = YES;
				GCC_WARN_UNINITIALIZED_AUTOS = YES_AGGRESSIVE;
				GCC_WARN_UNUSED_FUNCTION = YES;
				GCC_WARN_UNUSED_VARIABLE = YES;
				MACOSX_DEPLOYMENT_TARGET = 10.14;
				MTL_ENABLE_DEBUG_INFO = NO;
				MTL_FAST_MATH = YES;
				SDKROOT = macosx;
				SWIFT_COMPILATION_MODE = wholemodule;
				SWIFT_OPTIMIZATION_LEVEL = "-O";
			};
			name = Release;
		};
		6CE328F42293F2D300F30132 /* Debug */ = {
			isa = XCBuildConfiguration;
			baseConfigurationReference = 60C76DFA11073F40D2E8A6F3 /* Pods-WLTranslateKitPodspecEdit.debug.xcconfig */;
			buildSettings = {
				CODE_SIGN_STYLE = Automatic;
				PRODUCT_NAME = "$(TARGET_NAME)";
				SWIFT_VERSION = 5.0;
			};
			name = Debug;
		};
		6CE328F52293F2D300F30132 /* Release */ = {
			isa = XCBuildConfiguration;
			baseConfigurationReference = CC5FF92E64FF50A1384D3E9F /* Pods-WLTranslateKitPodspecEdit.release.xcconfig */;
			buildSettings = {
				CODE_SIGN_STYLE = Automatic;
				PRODUCT_NAME = "$(TARGET_NAME)";
				SWIFT_VERSION = 5.0;
			};
			name = Release;
		};
/* End XCBuildConfiguration section */

/* Begin XCConfigurationList section */
		6CE328E72293F2D300F30132 /* Build configuration list for PBXProject "WLTranslateKitPodspecEdit" */ = {
			isa = XCConfigurationList;
			buildConfigurations = (
				6CE328F12293F2D300F30132 /* Debug */,
				6CE328F22293F2D300F30132 /* Release */,
			);
			defaultConfigurationIsVisible = 0;
			defaultConfigurationName = Release;
		};
		6CE328F32293F2D300F30132 /* Build configuration list for PBXNativeTarget "WLTranslateKitPodspecEdit" */ = {
			isa = XCConfigurationList;
			buildConfigurations = (
				6CE328F42293F2D300F30132 /* Debug */,
				6CE328F52293F2D300F30132 /* Release */,
			);
			defaultConfigurationIsVisible = 0;
			defaultConfigurationName = Release;
		};
/* End XCConfigurationList section */
	};
	rootObject = 6CE328E42293F2D300F30132 /* Project object */;
}
